
Microsoft Visual Studio Solution File, Format Version 12.00
# Visual Studio 15
VisualStudioVersion = 15.0.27703.2018
MinimumVisualStudioVersion = 10.0.40219.1
Project("{FAE04EC0-301F-11D3-BF4B-00C04F79EFBC}") = "Produkterkenner", "Produkterkenner\Produkterkenner.csproj", "{E9833DCD-22AF-4351-BAE6-F5B117BE19D2}"
EndProject
Global
	GlobalSection(SolutionConfigurationPlatforms) = preSolution
		Debug|Any CPU = Debug|Any CPU
		Release|Any CPU = Release|Any CPU
	EndGlobalSection
	GlobalSection(ProjectConfigurationPlatforms) = postSolution
		{E9833DCD-22AF-4351-BAE6-F5B117BE19D2}.Debug|Any CPU.ActiveCfg = Debug|Any CPU
		{E9833DCD-22AF-4351-BAE6-F5B117BE19D2}.Debug|Any CPU.Build.0 = Debug|Any CPU
		{E9833DCD-22AF-4351-BAE6-F5B117BE19D2}.Release|Any CPU.ActiveCfg = Release|Any CPU
		{E9833DCD-22AF-4351-BAE6-F5B117BE19D2}.Release|Any CPU.Build.0 = Release|Any CPU
	EndGlobalSection
	GlobalSection(SolutionProperties) = preSolution
		HideSolutionNode = FALSE
	EndGlobalSection
	GlobalSection(ExtensibilityGlobals) = postSolution
		SolutionGuid = {D67AD55B-2893-42AD-A005-1B3D1EB0E628}
	EndGlobalSection
EndGlobal
